{
  "name": "studio",
  "version": "1.0.0",
  "lockfileVersion": 1,
  "requires": true,
  "dependencies": {
    "@sanity/cli": {
      "version": "2.27.3",
      "resolved": "https://registry.npmjs.org/@sanity/cli/-/cli-2.27.3.tgz",
      "integrity": "sha512-lqp8GLsi12cB60Lxw7unGXpNOHKTXEfQvEv9IwaOc6aE4oNSEOc1I4qrtiDNGgGiDQeEB/UsIn9wQF3vqe22Tg=="
    }
  }
}
